
Microsoft Visual Studio Solution File, Format Version 12.00
# Visual Studio Version 17
VisualStudioVersion = 17.6.33801.468
MinimumVisualStudioVersion = 10.0.40219.1
Project("{FAE04EC0-301F-11D3-BF4B-00C04F79EFBC}") = "SkillFactory_module13.6.1", "SkillFactory_module13.6.1.csproj", "{19A0A2EF-239C-475A-83E1-DDD7BADDFF05}"
EndProject
Global
	GlobalSection(SolutionConfigurationPlatforms) = preSolution
		Debug|Any CPU = Debug|Any CPU
		Release|Any CPU = Release|Any CPU
	EndGlobalSection
	GlobalSection(ProjectConfigurationPlatforms) = postSolution
		{19A0A2EF-239C-475A-83E1-DDD7BADDFF05}.Debug|Any CPU.ActiveCfg = Debug|Any CPU
		{19A0A2EF-239C-475A-83E1-DDD7BADDFF05}.Debug|Any CPU.Build.0 = Debug|Any CPU
		{19A0A2EF-239C-475A-83E1-DDD7BADDFF05}.Release|Any CPU.ActiveCfg = Release|Any CPU
		{19A0A2EF-239C-475A-83E1-DDD7BADDFF05}.Release|Any CPU.Build.0 = Release|Any CPU
	EndGlobalSection
	GlobalSection(SolutionProperties) = preSolution
		HideSolutionNode = FALSE
	EndGlobalSection
	GlobalSection(ExtensibilityGlobals) = postSolution
		SolutionGuid = {E0C50A72-9B2A-4B7E-83AB-9DF17CA858D3}
	EndGlobalSection
EndGlobal
